
Microsoft Visual Studio Solution File, Format Version 12.00
# Visual Studio 14
VisualStudioVersion = 14.0.23107.0
MinimumVisualStudioVersion = 10.0.40219.1
Project("{F5034706-568F-408A-B7B3-4D38C6DB8A32}") = "PSWarmup-1", "PSCodingBat\PSWarmup-1.pssproj", "{6CAFC0C6-A428-4D30-A9F9-700E829FEA51}"
EndProject
Project("{F5034706-568F-408A-B7B3-4D38C6DB8A32}") = "PSWarmup-2", "PSWarmup-2\PSWarmup-2.pssproj", "{B0A32638-7AEC-461C-84D5-23A2A9C0D5E4}"
EndProject
Project("{F5034706-568F-408A-B7B3-4D38C6DB8A32}") = "PSAP-1", "PSAP-1\PSAP-1.pssproj", "{A8448D9F-E589-455E-9784-676AE8242FFD}"
EndProject
Project("{F5034706-568F-408A-B7B3-4D38C6DB8A32}") = "PSArray-1", "PSArray-1\PSArray-1.pssproj", "{CEB1B2AB-2387-4AF6-9061-B397D0FBAB3F}"
EndProject
Project("{F5034706-568F-408A-B7B3-4D38C6DB8A32}") = "PSArray-2", "PSArray-2\PSArray-2.pssproj", "{E697C3BC-4492-4440-B0A0-84E73C7F06D8}"
EndProject
Project("{F5034706-568F-408A-B7B3-4D38C6DB8A32}") = "PSArray-3", "PSArray-3\PSArray-3.pssproj", "{FE08AEC7-8649-4F16-B214-9E91CD57DAA4}"
EndProject
Project("{F5034706-568F-408A-B7B3-4D38C6DB8A32}") = "PSCodewars-3", "PSCodewars-3\PSCodewars-3.pssproj", "{EAE3729E-1EB9-49D1-8A2D-1DF139061FB6}"
EndProject
Project("{F5034706-568F-408A-B7B3-4D38C6DB8A32}") = "PSInterview-1", "PSInterview-1\PSInterview-1.pssproj", "{DC30CDEF-B519-4DE9-ACFA-67B10C0704D0}"
EndProject
Project("{F5034706-568F-408A-B7B3-4D38C6DB8A32}") = "PSLogic-1", "PSLogic-1\PSLogic-1.pssproj", "{183901C6-430D-4000-9FD1-E03881EBE033}"
EndProject
Project("{F5034706-568F-408A-B7B3-4D38C6DB8A32}") = "PSLogic-2", "PSLogic-2\PSLogic-2.pssproj", "{BFCF8067-2FC8-4EEF-B973-3B61C6F9A892}"
EndProject
Project("{F5034706-568F-408A-B7B3-4D38C6DB8A32}") = "PSRecursion-1", "PSRecursion-1\PSRecursion-1.pssproj", "{30870555-C5BA-4916-AF1C-CFD38C13EA8F}"
EndProject
Project("{F5034706-568F-408A-B7B3-4D38C6DB8A32}") = "PSString-1", "PSString-1\PSString-1.pssproj", "{0DF343FF-38E9-4CCE-B3C4-630EDCD5B9BF}"
EndProject
Project("{F5034706-568F-408A-B7B3-4D38C6DB8A32}") = "PSString-2", "PSString-2\PSString-2.pssproj", "{C03363C1-FB92-4776-8F09-D619F8B624A7}"
EndProject
Project("{F5034706-568F-408A-B7B3-4D38C6DB8A32}") = "PSString-3", "PSString-3\PSString-3.pssproj", "{3839AF1B-DCB1-493E-A763-B89203F664E9}"
EndProject
Global
	GlobalSection(SolutionConfigurationPlatforms) = preSolution
		Debug|Any CPU = Debug|Any CPU
		Release|Any CPU = Release|Any CPU
	EndGlobalSection
	GlobalSection(ProjectConfigurationPlatforms) = postSolution
		{6CAFC0C6-A428-4D30-A9F9-700E829FEA51}.Debug|Any CPU.ActiveCfg = Debug|Any CPU
		{6CAFC0C6-A428-4D30-A9F9-700E829FEA51}.Debug|Any CPU.Build.0 = Debug|Any CPU
		{6CAFC0C6-A428-4D30-A9F9-700E829FEA51}.Release|Any CPU.ActiveCfg = Release|Any CPU
		{6CAFC0C6-A428-4D30-A9F9-700E829FEA51}.Release|Any CPU.Build.0 = Release|Any CPU
		{B0A32638-7AEC-461C-84D5-23A2A9C0D5E4}.Debug|Any CPU.ActiveCfg = Debug|Any CPU
		{B0A32638-7AEC-461C-84D5-23A2A9C0D5E4}.Debug|Any CPU.Build.0 = Debug|Any CPU
		{B0A32638-7AEC-461C-84D5-23A2A9C0D5E4}.Release|Any CPU.ActiveCfg = Release|Any CPU
		{B0A32638-7AEC-461C-84D5-23A2A9C0D5E4}.Release|Any CPU.Build.0 = Release|Any CPU
		{A8448D9F-E589-455E-9784-676AE8242FFD}.Debug|Any CPU.ActiveCfg = Debug|Any CPU
		{A8448D9F-E589-455E-9784-676AE8242FFD}.Debug|Any CPU.Build.0 = Debug|Any CPU
		{A8448D9F-E589-455E-9784-676AE8242FFD}.Release|Any CPU.ActiveCfg = Release|Any CPU
		{A8448D9F-E589-455E-9784-676AE8242FFD}.Release|Any CPU.Build.0 = Release|Any CPU
		{CEB1B2AB-2387-4AF6-9061-B397D0FBAB3F}.Debug|Any CPU.ActiveCfg = Debug|Any CPU
		{CEB1B2AB-2387-4AF6-9061-B397D0FBAB3F}.Debug|Any CPU.Build.0 = Debug|Any CPU
		{CEB1B2AB-2387-4AF6-9061-B397D0FBAB3F}.Release|Any CPU.ActiveCfg = Release|Any CPU
		{CEB1B2AB-2387-4AF6-9061-B397D0FBAB3F}.Release|Any CPU.Build.0 = Release|Any CPU
		{E697C3BC-4492-4440-B0A0-84E73C7F06D8}.Debug|Any CPU.ActiveCfg = Debug|Any CPU
		{E697C3BC-4492-4440-B0A0-84E73C7F06D8}.Debug|Any CPU.Build.0 = Debug|Any CPU
		{E697C3BC-4492-4440-B0A0-84E73C7F06D8}.Release|Any CPU.ActiveCfg = Release|Any CPU
		{E697C3BC-4492-4440-B0A0-84E73C7F06D8}.Release|Any CPU.Build.0 = Release|Any CPU
		{FE08AEC7-8649-4F16-B214-9E91CD57DAA4}.Debug|Any CPU.ActiveCfg = Debug|Any CPU
		{FE08AEC7-8649-4F16-B214-9E91CD57DAA4}.Debug|Any CPU.Build.0 = Debug|Any CPU
		{FE08AEC7-8649-4F16-B214-9E91CD57DAA4}.Release|Any CPU.ActiveCfg = Release|Any CPU
		{FE08AEC7-8649-4F16-B214-9E91CD57DAA4}.Release|Any CPU.Build.0 = Release|Any CPU
		{EAE3729E-1EB9-49D1-8A2D-1DF139061FB6}.Debug|Any CPU.ActiveCfg = Debug|Any CPU
		{EAE3729E-1EB9-49D1-8A2D-1DF139061FB6}.Debug|Any CPU.Build.0 = Debug|Any CPU
		{EAE3729E-1EB9-49D1-8A2D-1DF139061FB6}.Release|Any CPU.ActiveCfg = Release|Any CPU
		{EAE3729E-1EB9-49D1-8A2D-1DF139061FB6}.Release|Any CPU.Build.0 = Release|Any CPU
		{DC30CDEF-B519-4DE9-ACFA-67B10C0704D0}.Debug|Any CPU.ActiveCfg = Debug|Any CPU
		{DC30CDEF-B519-4DE9-ACFA-67B10C0704D0}.Debug|Any CPU.Build.0 = Debug|Any CPU
		{DC30CDEF-B519-4DE9-ACFA-67B10C0704D0}.Release|Any CPU.ActiveCfg = Release|Any CPU
		{DC30CDEF-B519-4DE9-ACFA-67B10C0704D0}.Release|Any CPU.Build.0 = Release|Any CPU
		{183901C6-430D-4000-9FD1-E03881EBE033}.Debug|Any CPU.ActiveCfg = Debug|Any CPU
		{183901C6-430D-4000-9FD1-E03881EBE033}.Debug|Any CPU.Build.0 = Debug|Any CPU
		{183901C6-430D-4000-9FD1-E03881EBE033}.Release|Any CPU.ActiveCfg = Release|Any CPU
		{183901C6-430D-4000-9FD1-E03881EBE033}.Release|Any CPU.Build.0 = Release|Any CPU
		{BFCF8067-2FC8-4EEF-B973-3B61C6F9A892}.Debug|Any CPU.ActiveCfg = Debug|Any CPU
		{BFCF8067-2FC8-4EEF-B973-3B61C6F9A892}.Debug|Any CPU.Build.0 = Debug|Any CPU
		{BFCF8067-2FC8-4EEF-B973-3B61C6F9A892}.Release|Any CPU.ActiveCfg = Release|Any CPU
		{BFCF8067-2FC8-4EEF-B973-3B61C6F9A892}.Release|Any CPU.Build.0 = Release|Any CPU
		{30870555-C5BA-4916-AF1C-CFD38C13EA8F}.Debug|Any CPU.ActiveCfg = Debug|Any CPU
		{30870555-C5BA-4916-AF1C-CFD38C13EA8F}.Debug|Any CPU.Build.0 = Debug|Any CPU
		{30870555-C5BA-4916-AF1C-CFD38C13EA8F}.Release|Any CPU.ActiveCfg = Release|Any CPU
		{30870555-C5BA-4916-AF1C-CFD38C13EA8F}.Release|Any CPU.Build.0 = Release|Any CPU
		{0DF343FF-38E9-4CCE-B3C4-630EDCD5B9BF}.Debug|Any CPU.ActiveCfg = Debug|Any CPU
		{0DF343FF-38E9-4CCE-B3C4-630EDCD5B9BF}.Debug|Any CPU.Build.0 = Debug|Any CPU
		{0DF343FF-38E9-4CCE-B3C4-630EDCD5B9BF}.Release|Any CPU.ActiveCfg = Release|Any CPU
		{0DF343FF-38E9-4CCE-B3C4-630EDCD5B9BF}.Release|Any CPU.Build.0 = Release|Any CPU
		{C03363C1-FB92-4776-8F09-D619F8B624A7}.Debug|Any CPU.ActiveCfg = Debug|Any CPU
		{C03363C1-FB92-4776-8F09-D619F8B624A7}.Debug|Any CPU.Build.0 = Debug|Any CPU
		{C03363C1-FB92-4776-8F09-D619F8B624A7}.Release|Any CPU.ActiveCfg = Release|Any CPU
		{C03363C1-FB92-4776-8F09-D619F8B624A7}.Release|Any CPU.Build.0 = Release|Any CPU
		{3839AF1B-DCB1-493E-A763-B89203F664E9}.Debug|Any CPU.ActiveCfg = Debug|Any CPU
		{3839AF1B-DCB1-493E-A763-B89203F664E9}.Debug|Any CPU.Build.0 = Debug|Any CPU
		{3839AF1B-DCB1-493E-A763-B89203F664E9}.Release|Any CPU.ActiveCfg = Release|Any CPU
		{3839AF1B-DCB1-493E-A763-B89203F664E9}.Release|Any CPU.Build.0 = Release|Any CPU
	EndGlobalSection
	GlobalSection(SolutionProperties) = preSolution
		HideSolutionNode = FALSE
	EndGlobalSection
EndGlobal
